# -------------------------------------------------------------------------- #
#
# Copyright (C) 2025  Altera Corporation. All rights reserved.
# Your use of Altera Corporation's design tools, logic functions 
# and other software and tools, and any partner logic 
# functions, and any output files from any of the foregoing 
# (including device programming or simulation files), and any 
# associated documentation or information are expressly subject 
# to the terms and conditions of the Altera Program License 
# Subscription Agreement, the Altera Quartus Prime License Agreement,
# the Altera IP License Agreement, or other applicable license
# agreement, including, without limitation, that your use is for
# the sole purpose of programming logic devices manufactured by
# Altera and sold by Altera or its authorized distributors.  Please
# refer to the Altera Software License Subscription Agreements 
# on the Quartus Prime software download page.
#
# -------------------------------------------------------------------------- #
#
# Quartus Prime
# Version 25.1std.0 Build 1129 10/21/2025 SC Lite Edition
# Date created = 23:06:34  August 01, 2026
#
# -------------------------------------------------------------------------- #
#
# Notes:
#
# 1) The default values for assignments are stored in the file:
#		stem_pool1_smoke_assignment_defaults.qdf
#    If this file doesn't exist, see file:
#		assignment_defaults.qdf
#
# 2) Intel recommends that you do not modify this file. This
#    file is updated automatically by the Quartus Prime software
#    and any changes you make may be lost or overwritten.
#
# -------------------------------------------------------------------------- #


set_global_assignment -name FAMILY "Cyclone IV E"
set_global_assignment -name DEVICE EP4CE10F17C8
set_global_assignment -name TOP_LEVEL_ENTITY stem_pool1_smoke_top
set_global_assignment -name ORIGINAL_QUARTUS_VERSION 25.1STD.0
set_global_assignment -name PROJECT_CREATION_TIME_DATE "23:06:34  AUGUST 01, 2026"
set_global_assignment -name LAST_QUARTUS_VERSION "25.1std.0 Lite Edition"
set_global_assignment -name VERILOG_INPUT_VERSION VERILOG_2001
set_global_assignment -name VERILOG_FILE ../rtl/requantize_u8.v
set_global_assignment -name VERILOG_FILE ../rtl/sync_ram_u8.v
set_global_assignment -name VERILOG_FILE ../rtl/sync_rom_s8.v
set_global_assignment -name VERILOG_FILE ../rtl/sync_rom_s32.v
set_global_assignment -name VERILOG_FILE ../rtl/stem_conv_serial.v
set_global_assignment -name VERILOG_FILE ../rtl/maxpool2x2_stream.v
set_global_assignment -name VERILOG_FILE ../rtl/stem_pool1_pipeline.v
set_global_assignment -name VERILOG_FILE ../rtl/stem_pool1_smoke_top.v
set_instance_assignment -name VIRTUAL_PIN ON -to clk
set_instance_assignment -name VIRTUAL_PIN ON -to rst_n
set_instance_assignment -name VIRTUAL_PIN ON -to input_we
set_instance_assignment -name VIRTUAL_PIN ON -to input_waddr
set_instance_assignment -name VIRTUAL_PIN ON -to input_wdata
set_instance_assignment -name VIRTUAL_PIN ON -to start
set_instance_assignment -name VIRTUAL_PIN ON -to busy
set_instance_assignment -name VIRTUAL_PIN ON -to done
set_instance_assignment -name VIRTUAL_PIN ON -to dbg_qcnt
set_instance_assignment -name VIRTUAL_PIN ON -to dbg_pcnt
set_instance_assignment -name VIRTUAL_PIN ON -to dbg_pxor
set_instance_assignment -name VIRTUAL_PIN ON -to pool_raddr
set_instance_assignment -name VIRTUAL_PIN ON -to pool_rdata